
Microsoft Visual Studio Solution File, Format Version 12.00
# Visual Studio Version 16
VisualStudioVersion = 16.0.34031.81
MinimumVisualStudioVersion = 10.0.40219.1
Project("{2150E333-8FDC-42A3-9474-1A3956D46DE8}") = "Task1", "Task1", "{1D988A91-7751-4F93-9E78-C485582BB051}"
EndProject
Project("{FAE04EC0-301F-11D3-BF4B-00C04F79EFBC}") = "Tyuiu.MusaevRS.Sprint0.Task1.V0", "Tyuiu.MusaevRS.Sprint0.Task1.V0\Tyuiu.MusaevRS.Sprint0.Task1.V0.csproj", "{98DFB125-E530-4654-957B-0DC1325F03C0}"
EndProject
Project("{2150E333-8FDC-42A3-9474-1A3956D46DE8}") = "Task2", "Task2", "{099542C4-2A13-4AB8-9030-5BA97210CE77}"
EndProject
Project("{FAE04EC0-301F-11D3-BF4B-00C04F79EFBC}") = "Tyuiu.MusaevRS.Sprint0.Task2.V0", "Tyuiu.MusaevRS.Sprint0.Task2.V0\Tyuiu.MusaevRS.Sprint0.Task2.V0.csproj", "{BA5725A4-3F1C-402B-BF6E-C7D14EA6DEA9}"
EndProject
Project("{FAE04EC0-301F-11D3-BF4B-00C04F79EFBC}") = "Tyuiu.MusaevRS.Task2.V0.Lib", "Tyuiu.MusaevRS.Task2.V0.Lib\Tyuiu.MusaevRS.Task2.V0.Lib.csproj", "{10A4BD2B-093B-4888-83AA-B864DCD188C4}"
EndProject
Project("{FAE04EC0-301F-11D3-BF4B-00C04F79EFBC}") = "Tyuiu.MusaevRS.Task2.V0.Test", "Tyuiu.MusaevRS.Task2.V0.Test\Tyuiu.MusaevRS.Task2.V0.Test.csproj", "{79FB0318-94DF-4B9E-AAF1-12B9A1252ABA}"
EndProject
Project("{2150E333-8FDC-42A3-9474-1A3956D46DE8}") = "Task3", "Task3", "{02865BFD-2BF6-4F6D-AD35-D07AD03F3CC8}"
EndProject
Project("{FAE04EC0-301F-11D3-BF4B-00C04F79EFBC}") = "Tyuiu.MusaevRS.Sprint0.Task3.V0", "Tyuiu.MusaevRS.Sprint0.Task3.V0\Tyuiu.MusaevRS.Sprint0.Task3.V0.csproj", "{A463F954-B965-4248-AF01-7F76CE499DC5}"
EndProject
Project("{FAE04EC0-301F-11D3-BF4B-00C04F79EFBC}") = "Tyuiu.MusaevRS.Sprint0.Task3.V0.Test", "Tyuiu.MusaevRS.Sprint0.Task2.V0.Test\Tyuiu.MusaevRS.Sprint0.Task3.V0.Test.csproj", "{65A3EE94-41A7-4DA3-848E-234371C2D1A1}"
EndProject
Project("{FAE04EC0-301F-11D3-BF4B-00C04F79EFBC}") = "Tyuiu.MusaevRS.Sprint0.Task3.V0.Lib", "Tyuiu.MusaevRS.Sprint0.Task2.V0.Lib\Tyuiu.MusaevRS.Sprint0.Task3.V0.Lib.csproj", "{3ECB6715-11C3-4F8A-AB30-4494B4428973}"
EndProject
Project("{2150E333-8FDC-42A3-9474-1A3956D46DE8}") = "Task4", "Task4", "{3636E7DB-563E-483B-A18D-FA06C6FF0D5F}"
EndProject
Project("{FAE04EC0-301F-11D3-BF4B-00C04F79EFBC}") = "Tyuiu.MusaevRS.Sprint0.Task4.V0.Lib", "Tyuiu.MusaevRS.Sprint0.Task4.V0.Lib\Tyuiu.MusaevRS.Sprint0.Task4.V0.Lib.csproj", "{3EDEA382-9125-4057-A903-9A5353B435C8}"
EndProject
Project("{FAE04EC0-301F-11D3-BF4B-00C04F79EFBC}") = "Tyuiu.MusaevRS.Sprint0.Task4.V0.Test", "Tyuiu.MusaevRS.Sprint0.Task4.V0.Test\Tyuiu.MusaevRS.Sprint0.Task4.V0.Test.csproj", "{2C7143D8-1772-452F-A842-4943894202D9}"
EndProject
Project("{FAE04EC0-301F-11D3-BF4B-00C04F79EFBC}") = "Tyuiu.MusaevRS.Sprint0.Task4.V0", "Tyuiu.MusaevRS.Sprint0.Task4.V0\Tyuiu.MusaevRS.Sprint0.Task4.V0.csproj", "{345F24AC-89CF-43AE-9F5E-691C787D9C69}"
EndProject
Project("{2150E333-8FDC-42A3-9474-1A3956D46DE8}") = "Task5", "Task5", "{BE898E7A-C26A-4C30-883A-2976430319A0}"
EndProject
Project("{FAE04EC0-301F-11D3-BF4B-00C04F79EFBC}") = "Tyuiu.MusaevRS.Sprint0.Task5.V0", "Tyuiu.MusaevRS.Sprint0.Task5.V0\Tyuiu.MusaevRS.Sprint0.Task5.V0.csproj", "{E336C6BA-3481-47F5-9EC3-9D4AA541FBE5}"
EndProject
Project("{FAE04EC0-301F-11D3-BF4B-00C04F79EFBC}") = "Tyuiu.MusaevRS.Sprint0.Task5.V0.Test", "Tyuiu.MusaevRS.Sprint0.Task5.V0.Test\Tyuiu.MusaevRS.Sprint0.Task5.V0.Test.csproj", "{4A2A8135-6405-45B1-A606-023DD4BF0AF5}"
EndProject
Project("{FAE04EC0-301F-11D3-BF4B-00C04F79EFBC}") = "Tyuiu.MusaevRS.Sprint0.Task5.V0.Lib", "Tyuiu.MusaevRS.Sprint0.Task5.V0.Lib\Tyuiu.MusaevRS.Sprint0.Task5.V0.Lib.csproj", "{9B35FE79-872F-4C2A-A72D-3A1EF44FD3C7}"
EndProject
Global
	GlobalSection(SolutionConfigurationPlatforms) = preSolution
		Debug|Any CPU = Debug|Any CPU
		Release|Any CPU = Release|Any CPU
	EndGlobalSection
	GlobalSection(ProjectConfigurationPlatforms) = postSolution
		{98DFB125-E530-4654-957B-0DC1325F03C0}.Debug|Any CPU.ActiveCfg = Debug|Any CPU
		{98DFB125-E530-4654-957B-0DC1325F03C0}.Debug|Any CPU.Build.0 = Debug|Any CPU
		{98DFB125-E530-4654-957B-0DC1325F03C0}.Release|Any CPU.ActiveCfg = Release|Any CPU
		{98DFB125-E530-4654-957B-0DC1325F03C0}.Release|Any CPU.Build.0 = Release|Any CPU
		{BA5725A4-3F1C-402B-BF6E-C7D14EA6DEA9}.Debug|Any CPU.ActiveCfg = Debug|Any CPU
		{BA5725A4-3F1C-402B-BF6E-C7D14EA6DEA9}.Debug|Any CPU.Build.0 = Debug|Any CPU
		{BA5725A4-3F1C-402B-BF6E-C7D14EA6DEA9}.Release|Any CPU.ActiveCfg = Release|Any CPU
		{BA5725A4-3F1C-402B-BF6E-C7D14EA6DEA9}.Release|Any CPU.Build.0 = Release|Any CPU
		{10A4BD2B-093B-4888-83AA-B864DCD188C4}.Debug|Any CPU.ActiveCfg = Debug|Any CPU
		{10A4BD2B-093B-4888-83AA-B864DCD188C4}.Debug|Any CPU.Build.0 = Debug|Any CPU
		{10A4BD2B-093B-4888-83AA-B864DCD188C4}.Release|Any CPU.ActiveCfg = Release|Any CPU
		{10A4BD2B-093B-4888-83AA-B864DCD188C4}.Release|Any CPU.Build.0 = Release|Any CPU
		{79FB0318-94DF-4B9E-AAF1-12B9A1252ABA}.Debug|Any CPU.ActiveCfg = Debug|Any CPU
		{79FB0318-94DF-4B9E-AAF1-12B9A1252ABA}.Debug|Any CPU.Build.0 = Debug|Any CPU
		{79FB0318-94DF-4B9E-AAF1-12B9A1252ABA}.Release|Any CPU.ActiveCfg = Release|Any CPU
		{79FB0318-94DF-4B9E-AAF1-12B9A1252ABA}.Release|Any CPU.Build.0 = Release|Any CPU
		{A463F954-B965-4248-AF01-7F76CE499DC5}.Debug|Any CPU.ActiveCfg = Debug|Any CPU
		{A463F954-B965-4248-AF01-7F76CE499DC5}.Debug|Any CPU.Build.0 = Debug|Any CPU
		{A463F954-B965-4248-AF01-7F76CE499DC5}.Release|Any CPU.ActiveCfg = Release|Any CPU
		{A463F954-B965-4248-AF01-7F76CE499DC5}.Release|Any CPU.Build.0 = Release|Any CPU
		{65A3EE94-41A7-4DA3-848E-234371C2D1A1}.Debug|Any CPU.ActiveCfg = Debug|Any CPU
		{65A3EE94-41A7-4DA3-848E-234371C2D1A1}.Debug|Any CPU.Build.0 = Debug|Any CPU
		{65A3EE94-41A7-4DA3-848E-234371C2D1A1}.Release|Any CPU.ActiveCfg = Release|Any CPU
		{65A3EE94-41A7-4DA3-848E-234371C2D1A1}.Release|Any CPU.Build.0 = Release|Any CPU
		{3ECB6715-11C3-4F8A-AB30-4494B4428973}.Debug|Any CPU.ActiveCfg = Debug|Any CPU
		{3ECB6715-11C3-4F8A-AB30-4494B4428973}.Debug|Any CPU.Build.0 = Debug|Any CPU
		{3ECB6715-11C3-4F8A-AB30-4494B4428973}.Release|Any CPU.ActiveCfg = Release|Any CPU
		{3ECB6715-11C3-4F8A-AB30-4494B4428973}.Release|Any CPU.Build.0 = Release|Any CPU
		{3EDEA382-9125-4057-A903-9A5353B435C8}.Debug|Any CPU.ActiveCfg = Debug|Any CPU
		{3EDEA382-9125-4057-A903-9A5353B435C8}.Debug|Any CPU.Build.0 = Debug|Any CPU
		{3EDEA382-9125-4057-A903-9A5353B435C8}.Release|Any CPU.ActiveCfg = Release|Any CPU
		{3EDEA382-9125-4057-A903-9A5353B435C8}.Release|Any CPU.Build.0 = Release|Any CPU
		{2C7143D8-1772-452F-A842-4943894202D9}.Debug|Any CPU.ActiveCfg = Debug|Any CPU
		{2C7143D8-1772-452F-A842-4943894202D9}.Debug|Any CPU.Build.0 = Debug|Any CPU
		{2C7143D8-1772-452F-A842-4943894202D9}.Release|Any CPU.ActiveCfg = Release|Any CPU
		{2C7143D8-1772-452F-A842-4943894202D9}.Release|Any CPU.Build.0 = Release|Any CPU
		{345F24AC-89CF-43AE-9F5E-691C787D9C69}.Debug|Any CPU.ActiveCfg = Debug|Any CPU
		{345F24AC-89CF-43AE-9F5E-691C787D9C69}.Debug|Any CPU.Build.0 = Debug|Any CPU
		{345F24AC-89CF-43AE-9F5E-691C787D9C69}.Release|Any CPU.ActiveCfg = Release|Any CPU
		{345F24AC-89CF-43AE-9F5E-691C787D9C69}.Release|Any CPU.Build.0 = Release|Any CPU
		{E336C6BA-3481-47F5-9EC3-9D4AA541FBE5}.Debug|Any CPU.ActiveCfg = Debug|Any CPU
		{E336C6BA-3481-47F5-9EC3-9D4AA541FBE5}.Debug|Any CPU.Build.0 = Debug|Any CPU
		{E336C6BA-3481-47F5-9EC3-9D4AA541FBE5}.Release|Any CPU.ActiveCfg = Release|Any CPU
		{E336C6BA-3481-47F5-9EC3-9D4AA541FBE5}.Release|Any CPU.Build.0 = Release|Any CPU
		{4A2A8135-6405-45B1-A606-023DD4BF0AF5}.Debug|Any CPU.ActiveCfg = Debug|Any CPU
		{4A2A8135-6405-45B1-A606-023DD4BF0AF5}.Debug|Any CPU.Build.0 = Debug|Any CPU
		{4A2A8135-6405-45B1-A606-023DD4BF0AF5}.Release|Any CPU.ActiveCfg = Release|Any CPU
		{4A2A8135-6405-45B1-A606-023DD4BF0AF5}.Release|Any CPU.Build.0 = Release|Any CPU
		{9B35FE79-872F-4C2A-A72D-3A1EF44FD3C7}.Debug|Any CPU.ActiveCfg = Debug|Any CPU
		{9B35FE79-872F-4C2A-A72D-3A1EF44FD3C7}.Debug|Any CPU.Build.0 = Debug|Any CPU
		{9B35FE79-872F-4C2A-A72D-3A1EF44FD3C7}.Release|Any CPU.ActiveCfg = Release|Any CPU
		{9B35FE79-872F-4C2A-A72D-3A1EF44FD3C7}.Release|Any CPU.Build.0 = Release|Any CPU
	EndGlobalSection
	GlobalSection(SolutionProperties) = preSolution
		HideSolutionNode = FALSE
	EndGlobalSection
	GlobalSection(NestedProjects) = preSolution
		{98DFB125-E530-4654-957B-0DC1325F03C0} = {1D988A91-7751-4F93-9E78-C485582BB051}
		{BA5725A4-3F1C-402B-BF6E-C7D14EA6DEA9} = {099542C4-2A13-4AB8-9030-5BA97210CE77}
		{10A4BD2B-093B-4888-83AA-B864DCD188C4} = {099542C4-2A13-4AB8-9030-5BA97210CE77}
		{79FB0318-94DF-4B9E-AAF1-12B9A1252ABA} = {099542C4-2A13-4AB8-9030-5BA97210CE77}
		{A463F954-B965-4248-AF01-7F76CE499DC5} = {02865BFD-2BF6-4F6D-AD35-D07AD03F3CC8}
		{65A3EE94-41A7-4DA3-848E-234371C2D1A1} = {02865BFD-2BF6-4F6D-AD35-D07AD03F3CC8}
		{3ECB6715-11C3-4F8A-AB30-4494B4428973} = {02865BFD-2BF6-4F6D-AD35-D07AD03F3CC8}
		{3EDEA382-9125-4057-A903-9A5353B435C8} = {3636E7DB-563E-483B-A18D-FA06C6FF0D5F}
		{2C7143D8-1772-452F-A842-4943894202D9} = {3636E7DB-563E-483B-A18D-FA06C6FF0D5F}
		{345F24AC-89CF-43AE-9F5E-691C787D9C69} = {3636E7DB-563E-483B-A18D-FA06C6FF0D5F}
		{E336C6BA-3481-47F5-9EC3-9D4AA541FBE5} = {BE898E7A-C26A-4C30-883A-2976430319A0}
		{4A2A8135-6405-45B1-A606-023DD4BF0AF5} = {BE898E7A-C26A-4C30-883A-2976430319A0}
		{9B35FE79-872F-4C2A-A72D-3A1EF44FD3C7} = {BE898E7A-C26A-4C30-883A-2976430319A0}
	EndGlobalSection
	GlobalSection(ExtensibilityGlobals) = postSolution
		SolutionGuid = {45F48538-945B-4CA0-B2BA-D1C7D9846B3C}
	EndGlobalSection
EndGlobal
