
Microsoft Visual Studio Solution File, Format Version 12.00
# Visual Studio Version 16
VisualStudioVersion = 16.0.34031.81
MinimumVisualStudioVersion = 10.0.40219.1
Project("{2150E333-8FDC-42A3-9474-1A3956D46DE8}") = "Task1", "Task1", "{1D988A91-7751-4F93-9E78-C485582BB051}"
EndProject
Project("{FAE04EC0-301F-11D3-BF4B-00C04F79EFBC}") = "Tyuiu.MusaevRS.Sprint0.Task1.V0", "Tyuiu.MusaevRS.Sprint0.Task1.V0\Tyuiu.MusaevRS.Sprint0.Task1.V0.csproj", "{98DFB125-E530-4654-957B-0DC1325F03C0}"
EndProject
Global
	GlobalSection(SolutionConfigurationPlatforms) = preSolution
		Debug|Any CPU = Debug|Any CPU
		Release|Any CPU = Release|Any CPU
	EndGlobalSection
	GlobalSection(ProjectConfigurationPlatforms) = postSolution
		{98DFB125-E530-4654-957B-0DC1325F03C0}.Debug|Any CPU.ActiveCfg = Debug|Any CPU
		{98DFB125-E530-4654-957B-0DC1325F03C0}.Debug|Any CPU.Build.0 = Debug|Any CPU
		{98DFB125-E530-4654-957B-0DC1325F03C0}.Release|Any CPU.ActiveCfg = Release|Any CPU
		{98DFB125-E530-4654-957B-0DC1325F03C0}.Release|Any CPU.Build.0 = Release|Any CPU
	EndGlobalSection
	GlobalSection(SolutionProperties) = preSolution
		HideSolutionNode = FALSE
	EndGlobalSection
	GlobalSection(NestedProjects) = preSolution
		{98DFB125-E530-4654-957B-0DC1325F03C0} = {1D988A91-7751-4F93-9E78-C485582BB051}
	EndGlobalSection
	GlobalSection(ExtensibilityGlobals) = postSolution
		SolutionGuid = {45F48538-945B-4CA0-B2BA-D1C7D9846B3C}
	EndGlobalSection
EndGlobal
